
Microsoft Visual Studio Solution File, Format Version 12.00
# Visual Studio 2012
Project("{FAE04EC0-301F-11D3-BF4B-00C04F79EFBC}") = "CustomTextTemplatingHostDemo", "CustomTextTemplatingHostDemo\CustomTextTemplatingHostDemo.csproj", "{378333E7-2E2C-4F78-8217-49F8A4DD13BC}"
EndProject
Project("{FAE04EC0-301F-11D3-BF4B-00C04F79EFBC}") = "CustomTextTemplatingHost", "CustomTextTemplatingHost\CustomTextTemplatingHost.csproj", "{5F9C4633-8359-446A-A7B0-2BA4824752C7}"
EndProject
Global
	GlobalSection(SolutionConfigurationPlatforms) = preSolution
		Debug|Any CPU = Debug|Any CPU
		Release|Any CPU = Release|Any CPU
	EndGlobalSection
	GlobalSection(ProjectConfigurationPlatforms) = postSolution
		{378333E7-2E2C-4F78-8217-49F8A4DD13BC}.Debug|Any CPU.ActiveCfg = Debug|Any CPU
		{378333E7-2E2C-4F78-8217-49F8A4DD13BC}.Debug|Any CPU.Build.0 = Debug|Any CPU
		{378333E7-2E2C-4F78-8217-49F8A4DD13BC}.Release|Any CPU.ActiveCfg = Release|Any CPU
		{378333E7-2E2C-4F78-8217-49F8A4DD13BC}.Release|Any CPU.Build.0 = Release|Any CPU
		{5F9C4633-8359-446A-A7B0-2BA4824752C7}.Debug|Any CPU.ActiveCfg = Debug|Any CPU
		{5F9C4633-8359-446A-A7B0-2BA4824752C7}.Debug|Any CPU.Build.0 = Debug|Any CPU
		{5F9C4633-8359-446A-A7B0-2BA4824752C7}.Release|Any CPU.ActiveCfg = Release|Any CPU
		{5F9C4633-8359-446A-A7B0-2BA4824752C7}.Release|Any CPU.Build.0 = Release|Any CPU
	EndGlobalSection
	GlobalSection(SolutionProperties) = preSolution
		HideSolutionNode = FALSE
	EndGlobalSection
EndGlobal
